{
  "name": "student-management-system",
  "version": "1.0.0",
  "lockfileVersion": 3,
  "requires": true,
  "packages": {
    "": {
      "name": "student-management-system",
      "version": "1.0.0",
      "license": "MIT",
      "dependencies": {
        "axios": "^1.6.0",
        "electron-store": "^8.1.0",
        "node-process-list": "^1.0.2",
        "ps-node": "^0.1.6"
      },
      "devDependencies": {
        "electron": "^28.0.0",
        "electron-builder": "^24.6.4"
      }
    },
    "node_modules/@babel/runtime": {
      "version": "7.23.5",
      "resolved": "https://registry.npmjs.org/@babel/runtime/-/runtime-7.23.5.tgz",
      "integrity": "sha512-NdUTHcPe4C99WxPub+K9l9tK5/lV4UXIoaHSYgzco9BCyjKAAwzdBI+wWtYqHt7LJdbo74ZjRPJgzVweq1sz0w==",
      "dev": true,
      "dependencies": {
        "regenerator-runtime": "^0.14.0"
      },
      "engines": {
        "node": ">=6.9.0"
      }
    },
    "node_modules/@electron/get": {
      "version": "2.0.3",
      "resolved": "https://registry.npmjs.org/@electron/get/-/get-2.0.3.tgz",
      "integrity": "sha512-Qkzpg2s9GnVV2I2BjRksUi43U5e6+zaQMcjoJy0C+C5oxaKl+fmckGDQFtRpZpZV0NQekuZZ+tGz7EA9TVnQtQ==",
      "dev": true,
      "dependencies": {
        "debug": "^4.1.1",
        "env-paths": "^2.2.0",
        "fs-extra": "^8.1.0",
        "got": "^11.8.5",
        "progress": "^2.0.3",
        "semver": "^6.2.0",
        "sumchecker": "^3.0.1"
      },
      "engines": {
        "node": ">=12"
      }
    },
    "node_modules/axios": {
      "version": "1.6.8",
      "resolved": "https://registry.npmjs.org/axios/-/axios-1.6.8.tgz",
      "integrity": "sha512-v/ZHtJDU39mDpyBoFVkETcd/uNdxrWRrg3bKpOKzXFA6Bvqopts6ALSMU3y6ijYxbw2B+wPrIv46egTzJXCLGQ==",
      "dependencies": {
        "follow-redirects": "^1.15.6",
        "form-data": "^4.0.0",
        "proxy-from-env": "^1.1.0"
      }
    },
    "node_modules/conf": {
      "version": "10.2.0",
      "resolved": "https://registry.npmjs.org/conf/-/conf-10.2.0.tgz",
      "integrity": "sha512-8fLl9F04EJqjSqH+QjITQfJF8BrOVaYr1jewVgSRAEWePfxT0sku4w2hrGQ60BC/TNLGQ2pgxNlTbWQmMPFvXg==",
      "dependencies": {
        "ajv": "^8.6.3",
        "ajv-formats": "^2.1.1",
        "atomically": "^1.7.0",
        "debounce-fn": "^4.0.0",
        "dot-prop": "^6.0.1",
        "env-paths": "^2.2.1",
        "json-schema-typed": "^7.0.3",
        "onetime": "^5.1.2",
        "pkg-up": "^3.1.0",
        "semver": "^7.3.5"
      },
      "engines": {
        "node": ">=12"
      },
      "funding": {
        "url": "https://github.com/sponsors/sindresorhus"
      }
    },
    "node_modules/debug": {
      "version": "4.3.4",
      "resolved": "https://registry.npmjs.org/debug/-/debug-4.3.4.tgz",
      "integrity": "sha512-PRWFHuSU3eDtQJPvnNY7Jcket1j0t5OuOsFzPPzsekD52Zl8qUfFIPEiswXqIvHWGVHOgX+7G/vCNNhehwxfkQ==",
      "dev": true,
      "dependencies": {
        "ms": "2.1.2"
      },
      "engines": {
        "node": ">=6.0"
      },
      "peerDependenciesMeta": {
        "supports-color": {
          "optional": true
        }
      }
    },
    "node_modules/electron": {
      "version": "28.2.10",
      "resolved": "https://registry.npmjs.org/electron/-/electron-28.2.10.tgz",
      "integrity": "sha512-ELq4eVq7E7vdCOwKi2M5NFHM2HUgh82tZEq6ReNeqy6LIwCPbr4HrTSe6vkjmEq0VPk2rHTyKLorEzrwqxaGBw==",
      "dev": true,
      "hasInstallScript": true,
      "dependencies": {
        "@electron/get": "^2.0.0",
        "@types/node": "^18.11.18",
        "extract-zip": "^2.0.1"
      },
      "bin": {
        "electron": "cli.js"
      },
      "engines": {
        "node": ">= 12.20.55"
      }
    },
    "node_modules/electron-builder": {
      "version": "24.13.3",
      "resolved": "https://registry.npmjs.org/electron-builder/-/electron-builder-24.13.3.tgz",
      "integrity": "sha512-yZK7X906XBg6pjtw9nAQ8ak9yDKofNNJAg9BS3VPBnBZ9w9/QF7bwmAZr7ENdNwgvl5p3TUzCB86RzOwM2C4lA==",
      "dev": true,
      "dependencies": {
        "app-builder-lib": "24.13.3",
        "builder-util": "24.13.1",
        "builder-util-runtime": "9.2.4",
        "chalk": "^4.1.2",
        "dmg-builder": "24.13.3",
        "fs-extra": "^10.1.0",
        "is-ci": "^3.0.0",
        "lazy-val": "^1.0.5",
        "read-config-file": "6.3.2",
        "simple-update-notifier": "2.0.0",
        "yargs": "^17.6.2"
      },
      "bin": {
        "electron-builder": "cli.js",
        "install-app-deps": "install-app-deps.js"
      },
      "engines": {
        "node": ">=14.0.0"
      }
    },
    "node_modules/electron-store": {
      "version": "8.2.0",
      "resolved": "https://registry.npmjs.org/electron-store/-/electron-store-8.2.0.tgz",
      "integrity": "sha512-jcbbWb4LOYCf3FoR84uPHEoiILU3mFLa3G8yFGzJ6hOJUy3c8C2bAOdnT5iCrCOF/7CFjHmtDdLbGdqp0V0nEQ==",
      "dependencies": {
        "conf": "^10.2.0",
        "type-fest": "^2.13.0"
      },
      "engines": {
        "node": ">=12"
      },
      "funding": {
        "url": "https://github.com/sponsors/sindresorhus"
      },
      "peerDependencies": {
        "electron": ">=11"
      }
    },
    "node_modules/env-paths": {
      "version": "2.2.1",
      "resolved": "https://registry.npmjs.org/env-paths/-/env-paths-2.2.1.tgz",
      "integrity": "sha512-+h1lkLKhZMTYjog1VEpJNG7NZJWcuc2DDk/qsqSTRRCOXiLjeQ1d1/udrUGhqMxUgAlwKNZ0cf2uqan5GLuS2A==",
      "engines": {
        "node": ">=6"
      }
    },
    "node_modules/follow-redirects": {
      "version": "1.15.6",
      "resolved": "https://registry.npmjs.org/follow-redirects/-/follow-redirects-1.15.6.tgz",
      "integrity": "sha512-wWN62YITEaOpSK584EZXJafH1AGpO8RVgElfkuXbTOrPX4fIfOyEpW/CsiNd8JdYrAoOvafRTOEnvsO++qzqFA==",
      "funding": [
        {
          "type": "individual",
          "url": "https://github.com/sponsors/RubenVerborgh"
        }
      ],
      "engines": {
        "node": ">=4.0"
      },
      "peerDependenciesMeta": {
        "debug": {
          "optional": true
        }
      }
    },
    "node_modules/form-data": {
      "version": "4.0.0",
      "resolved": "https://registry.npmjs.org/form-data/-/form-data-4.0.0.tgz",
      "integrity": "sha512-ETEklSGi5t0QMZuiXoA/Q6vcnxcLQP5vdugSpuAyi6SVGi2clPPp+xgEhuMaHC+zGgn31Kd235W35f7Hykkaww==",
      "dependencies": {
        "asynckit": "^0.4.0",
        "combined-stream": "^1.0.8",
        "mime-types": "^2.1.12"
      },
      "engines": {
        "node": ">= 6"
      }
    },
    "node_modules/fs-extra": {
      "version": "8.1.0",
      "resolved": "https://registry.npmjs.org/fs-extra/-/fs-extra-8.1.0.tgz",
      "integrity": "sha512-yhlQgA6mnOJUKOsRUFsgJdQCvkKhcz8tlZG5HBQfReYZy46OwLcY+Zia0mtdHsOo9y/hP+CxMN0TU9QxoOtG4g==",
      "dev": true,
      "dependencies": {
        "graceful-fs": "^4.2.0",
        "jsonfile": "^4.0.0",
        "universalify": "^0.1.0"
      },
      "engines": {
        "node": ">=6 <7 || >=8"
      }
    },
    "node_modules/graceful-fs": {
      "version": "4.2.11",
      "resolved": "https://registry.npmjs.org/graceful-fs/-/graceful-fs-4.2.11.tgz",
      "integrity": "sha512-RbJ5/jmFcNNCcDV5o9eTnBLJ/HszWV0P73bc+Ff4nS/rJj+YaS6IGyiOL0VoBYX+l1Wrl3k63h/KrH+nhJ0XvQ==",
      "dev": true
    },
    "node_modules/got": {
      "version": "11.8.6",
      "resolved": "https://registry.npmjs.org/got/-/got-11.8.6.tgz",
      "integrity": "sha512-6tfZ91bOr7bOXnK7PRDCGBLa1H4U080YHNaAQ2KsMGlLEzRbk44nsZF2E1IeRc3vtJHPVbKCYgdFbaGO2ljd8g==",
      "dev": true,
      "dependencies": {
        "@sindresorhus/is": "^4.0.0",
        "@szmarczak/http-timer": "^4.0.5",
        "@types/cacheable-request": "^6.0.1",
        "@types/responselike": "^1.0.0",
        "cacheable-lookup": "^5.0.3",
        "cacheable-request": "^7.0.2",
        "decompress-response": "^6.0.0",
        "http2-wrapper": "^1.0.0-beta.5.2",
        "lowercase-keys": "^2.0.0",
        "p-cancelable": "^2.0.0",
        "responselike": "^2.0.0"
      },
      "engines": {
        "node": ">=10.19.0"
      },
      "funding": {
        "url": "https://github.com/sindresorhus/got?sponsor=1"
      }
    },
    "node_modules/jsonfile": {
      "version": "4.0.0",
      "resolved": "https://registry.npmjs.org/jsonfile/-/jsonfile-4.0.0.tgz",
      "integrity": "sha512-m6F1R3z8jjlf2imQHS2Qez5sjKWQzbuuhuJ/FKYFRZvPE3PuHcSMVZzfsLhGVOkfd20obL5SWEBew5ShlquNxg==",
      "dev": true,
      "optionalDependencies": {
        "graceful-fs": "^4.1.6"
      }
    },
    "node_modules/mime-db": {
      "version": "1.52.0",
      "resolved": "https://registry.npmjs.org/mime-db/-/mime-db-1.52.0.tgz",
      "integrity": "sha512-sPU4uV7dYlvtWJxwwxHD0PuihVNiE7TyAbQ5SWxDCB9mUYvOgroQOwYQQOKPJ8CIbE+1ETVlOoK1UC2nU3gYvg==",
      "engines": {
        "node": ">= 0.6"
      }
    },
    "node_modules/mime-types": {
      "version": "2.1.35",
      "resolved": "https://registry.npmjs.org/mime-types/-/mime-types-2.1.35.tgz",
      "integrity": "sha512-ZDY+bPm5zTTF+YpCrAU9nK0UgICYPT0QtT1NZWFv4s++TNkcgVaT0g6+4R2uI4MjQjzysHB1zxuWL50hzaeXiw==",
      "dependencies": {
        "mime-db": "1.52.0"
      },
      "engines": {
        "node": ">= 0.6"
      }
    },
    "node_modules/ms": {
      "version": "2.1.2",
      "resolved": "https://registry.npmjs.org/ms/-/ms-2.1.2.tgz",
      "integrity": "sha512-sGkPx+VjMtmA6MX27oA4FBFELFCZZ4S4XqeGOXCv68tT+jb3vk/RyaKWP0PTKyWtmLSM0b+adUTEvbs1PEaH2w==",
      "dev": true
    },
    "node_modules/node-process-list": {
      "version": "1.0.2",
      "resolved": "https://registry.npmjs.org/node-process-list/-/node-process-list-1.0.2.tgz",
      "integrity": "sha512-eZ5qZmJqUFyLJhYe1OSRF4wUgkzYfKuA/7wk8BYGyfzX6jWncMOZk5lc8FNO2IGNc0ZjgAMFv4YQ8aSuR6zJvw==",
      "engines": {
        "node": ">=12.0.0"
      }
    },
    "node_modules/progress": {
      "version": "2.0.3",
      "resolved": "https://registry.npmjs.org/progress/-/progress-2.0.3.tgz",
      "integrity": "sha512-7PiHtLll5LdnKIMw100I+8xJXR5gW2QwWYkT6iJva0bXitZKa/XMrSbdmg3r2Xnaidz9Qumd0VPaMrZlF9V9sA==",
      "dev": true,
      "engines": {
        "node": ">=0.4.0"
      }
    },
    "node_modules/proxy-from-env": {
      "version": "1.1.0",
      "resolved": "https://registry.npmjs.org/proxy-from-env/-/proxy-from-env-1.1.0.tgz",
      "integrity": "sha512-D+zkORCbA9f1tdWRK0RaCR3GPv50cMxcrz4X8k5LTSUD1Dkw47mKJEZQNunItRTkWwgtaUSo1RVFRIG9ZXiFYg=="
    },
    "node_modules/ps-node": {
      "version": "0.1.6",
      "resolved": "https://registry.npmjs.org/ps-node/-/ps-node-0.1.6.tgz",
      "integrity": "sha512-vTJzton3YMmBNPDvip/i82LDlF6ZhEvA8LpW6mk9TJJqjxTK6n8E3IpM3gqLwN9S7HU/vvVRPCh8LVUNAe4Msg==",
      "dependencies": {
        "table-parser": "^0.1.3"
      },
      "engines": {
        "node": ">=0.10"
      }
    },
    "node_modules/regenerator-runtime": {
      "version": "0.14.0",
      "resolved": "https://registry.npmjs.org/regenerator-runtime/-/regenerator-runtime-0.14.0.tgz",
      "integrity": "sha512-srw17NI0TUWHuGa5CFGGmhfNIeja30WMBfbslPNhf6JrqQlLN5gcrvig1oqPxiVaXb0oW0XRKtH6Nngs5lKCIA==",
      "dev": true
    },
    "node_modules/semver": {
      "version": "6.3.1",
      "resolved": "https://registry.npmjs.org/semver/-/semver-6.3.1.tgz",
      "integrity": "sha512-BR7VvDCVHO+q2xBEWskxS6DJE1qRnb7DxzUrogb71CWoSficBxYsiAGd+Kl0mmq/MprG9yArRkyrQxTO6XjMzA==",
      "dev": true,
      "bin": {
        "semver": "bin/semver.js"
      }
    },
    "node_modules/sumchecker": {
      "version": "3.0.1",
      "resolved": "https://registry.npmjs.org/sumchecker/-/sumchecker-3.0.1.tgz",
      "integrity": "sha512-MvjXzkz/BOfyVDkG0oFOtBxHX2u3gKbMHIF/dXblZsgD3BWOFLmHovIpZY7BykJdAjcqRCBi1WYBNdEC9yI7vg==",
      "dev": true,
      "dependencies": {
        "debug": "^4.1.0"
      },
      "engines": {
        "node": ">= 8.0"
      }
    },
    "node_modules/table-parser": {
      "version": "0.1.3",
      "resolved": "https://registry.npmjs.org/table-parser/-/table-parser-0.1.3.tgz",
      "integrity": "sha512-YEzaJyeNjv7ezVNgBTlOFQtX3gb7oCOr9gozTSCaSJgGsjV9QhUnUuZkPY7qlBf5tI6rSO8eNfB0VnBhTB3XNA=="
    },
    "node_modules/type-fest": {
      "version": "2.19.0",
      "resolved": "https://registry.npmjs.org/type-fest/-/type-fest-2.19.0.tgz",
      "integrity": "sha512-RAH822pAdBgcNMAfWnCBU3CFZcfZ/i1eZjwFU/dsLKumyuuP3niueg2UAukXYF0E2AAoc82ZSSf9J0WQBinzHA==",
      "engines": {
        "node": ">=12.20"
      },
      "funding": {
        "url": "https://github.com/sponsors/sindresorhus"
      }
    },
    "node_modules/universalify": {
      "version": "0.1.2",
      "resolved": "https://registry.npmjs.org/universalify/-/universalify-0.1.2.tgz",
      "integrity": "sha512-rBJeI5CXAlmy1pV+617WB9J63U6XcazHHF2f2dbJix4XzpUF0RS3Zbj0FGIOCAva5P/d/GBOYaACQ1w+0azUkg==",
      "dev": true,
      "engines": {
        "node": ">= 4.0.0"
      }
    }
  }
}